
Microsoft Visual Studio Solution File, Format Version 12.00
# Visual Studio 15
VisualStudioVersion = 15.0.28307.1585
MinimumVisualStudioVersion = 10.0.40219.1
Project("{8BC9CEB8-8B4A-11D0-8D11-00A0C91BC942}") = "00_Introduction", "00_Introduction\0_Introduction.vcxproj", "{928C8FCE-35D4-4331-AB44-F3715518DAD0}"
EndProject
Project("{8BC9CEB8-8B4A-11D0-8D11-00A0C91BC942}") = "01_Variable", "01_Variable\1_Variable.vcxproj", "{03475FC8-D745-4C7C-BCB0-069FE65DDE44}"
EndProject
Project("{8BC9CEB8-8B4A-11D0-8D11-00A0C91BC942}") = "02_Function_Player_Movement", "02_Function_Player_Movement\2_Function_Player_Movement.vcxproj", "{78B2F0BD-8B14-4150-8BD4-2BC2D83915B5}"
EndProject
Project("{8BC9CEB8-8B4A-11D0-8D11-00A0C91BC942}") = "03_Function_Enemies", "03_Function_Enemies\3_Function_Enemies.vcxproj", "{150EE6A3-107C-43DC-8E7A-96056F7C1A89}"
EndProject
Project("{8BC9CEB8-8B4A-11D0-8D11-00A0C91BC942}") = "04_Pointer_Reference_Vector2", "04_Pointer_Reference_Vector2\4_Pointer_Reference_Vector2.vcxproj", "{5A8AE58B-25BD-445D-A785-C15E9E6C0F93}"
EndProject
Project("{8BC9CEB8-8B4A-11D0-8D11-00A0C91BC942}") = "05_Pointer_Reference_MovingEnemies", "05_Pointer_Reference_MovingEnemies\5_Pointer_Reference_MovingEnemies.vcxproj", "{F7BE730B-14C7-48CF-8195-57A10C567BA5}"
EndProject
Project("{8BC9CEB8-8B4A-11D0-8D11-00A0C91BC942}") = "06_Pointer_Reference_Collision", "06_Pointer_Reference_Collision\6_Pointer_Reference_Collision.vcxproj", "{5CBD2EFF-40C6-4B43-87A1-691D051C2929}"
EndProject
Project("{8BC9CEB8-8B4A-11D0-8D11-00A0C91BC942}") = "07_Class_Player", "07_Class_Player\7_Class_Player.vcxproj", "{1E09B8EB-CB06-45DC-A00C-AC9FB8A0BB31}"
EndProject
Project("{8BC9CEB8-8B4A-11D0-8D11-00A0C91BC942}") = "08_Class_Enemy", "08_Class_Enemy\8_Class_Enemy.vcxproj", "{3535B582-1A35-4467-B692-E3F31A545A1B}"
EndProject
Project("{8BC9CEB8-8B4A-11D0-8D11-00A0C91BC942}") = "09_Class_EnemyManager", "09_Class_EnemyManager\9_Class_EnemyManager.vcxproj", "{18F76FE0-695A-493A-A0B4-071116A57D78}"
EndProject
Project("{8BC9CEB8-8B4A-11D0-8D11-00A0C91BC942}") = "10_Class_Bullet", "10_Class_Bullet\10_Class_Bullet.vcxproj", "{7762F67B-A221-4996-A181-5EE2F143FAAC}"
EndProject
Project("{8BC9CEB8-8B4A-11D0-8D11-00A0C91BC942}") = "11_Class_Shoot_Enemy", "11_Class_Shoot_Enemy\11_Class_Shoot_Enemy.vcxproj", "{0E6DD5B0-0876-4EAE-9863-364A94901968}"
EndProject
Global
	GlobalSection(SolutionConfigurationPlatforms) = preSolution
		Debug|x64 = Debug|x64
		Debug|x86 = Debug|x86
		Release|x64 = Release|x64
		Release|x86 = Release|x86
	EndGlobalSection
	GlobalSection(ProjectConfigurationPlatforms) = postSolution
		{928C8FCE-35D4-4331-AB44-F3715518DAD0}.Debug|x64.ActiveCfg = Debug|Win32
		{928C8FCE-35D4-4331-AB44-F3715518DAD0}.Debug|x86.ActiveCfg = Debug|Win32
		{928C8FCE-35D4-4331-AB44-F3715518DAD0}.Debug|x86.Build.0 = Debug|Win32
		{928C8FCE-35D4-4331-AB44-F3715518DAD0}.Release|x64.ActiveCfg = Debug|Win32
		{928C8FCE-35D4-4331-AB44-F3715518DAD0}.Release|x64.Build.0 = Debug|Win32
		{928C8FCE-35D4-4331-AB44-F3715518DAD0}.Release|x86.ActiveCfg = Debug|Win32
		{928C8FCE-35D4-4331-AB44-F3715518DAD0}.Release|x86.Build.0 = Debug|Win32
		{03475FC8-D745-4C7C-BCB0-069FE65DDE44}.Debug|x64.ActiveCfg = Debug|Win32
		{03475FC8-D745-4C7C-BCB0-069FE65DDE44}.Debug|x86.ActiveCfg = Debug|Win32
		{03475FC8-D745-4C7C-BCB0-069FE65DDE44}.Debug|x86.Build.0 = Debug|Win32
		{03475FC8-D745-4C7C-BCB0-069FE65DDE44}.Release|x64.ActiveCfg = Debug|Win32
		{03475FC8-D745-4C7C-BCB0-069FE65DDE44}.Release|x64.Build.0 = Debug|Win32
		{03475FC8-D745-4C7C-BCB0-069FE65DDE44}.Release|x86.ActiveCfg = Debug|Win32
		{03475FC8-D745-4C7C-BCB0-069FE65DDE44}.Release|x86.Build.0 = Debug|Win32
		{78B2F0BD-8B14-4150-8BD4-2BC2D83915B5}.Debug|x64.ActiveCfg = Debug|x64
		{78B2F0BD-8B14-4150-8BD4-2BC2D83915B5}.Debug|x64.Build.0 = Debug|x64
		{78B2F0BD-8B14-4150-8BD4-2BC2D83915B5}.Debug|x86.ActiveCfg = Debug|Win32
		{78B2F0BD-8B14-4150-8BD4-2BC2D83915B5}.Debug|x86.Build.0 = Debug|Win32
		{78B2F0BD-8B14-4150-8BD4-2BC2D83915B5}.Release|x64.ActiveCfg = Release|x64
		{78B2F0BD-8B14-4150-8BD4-2BC2D83915B5}.Release|x64.Build.0 = Release|x64
		{78B2F0BD-8B14-4150-8BD4-2BC2D83915B5}.Release|x86.ActiveCfg = Release|Win32
		{78B2F0BD-8B14-4150-8BD4-2BC2D83915B5}.Release|x86.Build.0 = Release|Win32
		{150EE6A3-107C-43DC-8E7A-96056F7C1A89}.Debug|x64.ActiveCfg = Debug|x64
		{150EE6A3-107C-43DC-8E7A-96056F7C1A89}.Debug|x64.Build.0 = Debug|x64
		{150EE6A3-107C-43DC-8E7A-96056F7C1A89}.Debug|x86.ActiveCfg = Debug|Win32
		{150EE6A3-107C-43DC-8E7A-96056F7C1A89}.Debug|x86.Build.0 = Debug|Win32
		{150EE6A3-107C-43DC-8E7A-96056F7C1A89}.Release|x64.ActiveCfg = Release|x64
		{150EE6A3-107C-43DC-8E7A-96056F7C1A89}.Release|x64.Build.0 = Release|x64
		{150EE6A3-107C-43DC-8E7A-96056F7C1A89}.Release|x86.ActiveCfg = Release|Win32
		{150EE6A3-107C-43DC-8E7A-96056F7C1A89}.Release|x86.Build.0 = Release|Win32
		{5A8AE58B-25BD-445D-A785-C15E9E6C0F93}.Debug|x64.ActiveCfg = Debug|x64
		{5A8AE58B-25BD-445D-A785-C15E9E6C0F93}.Debug|x64.Build.0 = Debug|x64
		{5A8AE58B-25BD-445D-A785-C15E9E6C0F93}.Debug|x86.ActiveCfg = Debug|Win32
		{5A8AE58B-25BD-445D-A785-C15E9E6C0F93}.Debug|x86.Build.0 = Debug|Win32
		{5A8AE58B-25BD-445D-A785-C15E9E6C0F93}.Release|x64.ActiveCfg = Release|x64
		{5A8AE58B-25BD-445D-A785-C15E9E6C0F93}.Release|x64.Build.0 = Release|x64
		{5A8AE58B-25BD-445D-A785-C15E9E6C0F93}.Release|x86.ActiveCfg = Release|Win32
		{5A8AE58B-25BD-445D-A785-C15E9E6C0F93}.Release|x86.Build.0 = Release|Win32
		{F7BE730B-14C7-48CF-8195-57A10C567BA5}.Debug|x64.ActiveCfg = Debug|x64
		{F7BE730B-14C7-48CF-8195-57A10C567BA5}.Debug|x64.Build.0 = Debug|x64
		{F7BE730B-14C7-48CF-8195-57A10C567BA5}.Debug|x86.ActiveCfg = Debug|Win32
		{F7BE730B-14C7-48CF-8195-57A10C567BA5}.Debug|x86.Build.0 = Debug|Win32
		{F7BE730B-14C7-48CF-8195-57A10C567BA5}.Release|x64.ActiveCfg = Release|x64
		{F7BE730B-14C7-48CF-8195-57A10C567BA5}.Release|x64.Build.0 = Release|x64
		{F7BE730B-14C7-48CF-8195-57A10C567BA5}.Release|x86.ActiveCfg = Release|Win32
		{F7BE730B-14C7-48CF-8195-57A10C567BA5}.Release|x86.Build.0 = Release|Win32
		{5CBD2EFF-40C6-4B43-87A1-691D051C2929}.Debug|x64.ActiveCfg = Debug|x64
		{5CBD2EFF-40C6-4B43-87A1-691D051C2929}.Debug|x64.Build.0 = Debug|x64
		{5CBD2EFF-40C6-4B43-87A1-691D051C2929}.Debug|x86.ActiveCfg = Debug|Win32
		{5CBD2EFF-40C6-4B43-87A1-691D051C2929}.Debug|x86.Build.0 = Debug|Win32
		{5CBD2EFF-40C6-4B43-87A1-691D051C2929}.Release|x64.ActiveCfg = Release|x64
		{5CBD2EFF-40C6-4B43-87A1-691D051C2929}.Release|x64.Build.0 = Release|x64
		{5CBD2EFF-40C6-4B43-87A1-691D051C2929}.Release|x86.ActiveCfg = Release|Win32
		{5CBD2EFF-40C6-4B43-87A1-691D051C2929}.Release|x86.Build.0 = Release|Win32
		{1E09B8EB-CB06-45DC-A00C-AC9FB8A0BB31}.Debug|x64.ActiveCfg = Debug|x64
		{1E09B8EB-CB06-45DC-A00C-AC9FB8A0BB31}.Debug|x64.Build.0 = Debug|x64
		{1E09B8EB-CB06-45DC-A00C-AC9FB8A0BB31}.Debug|x86.ActiveCfg = Debug|Win32
		{1E09B8EB-CB06-45DC-A00C-AC9FB8A0BB31}.Debug|x86.Build.0 = Debug|Win32
		{1E09B8EB-CB06-45DC-A00C-AC9FB8A0BB31}.Release|x64.ActiveCfg = Release|x64
		{1E09B8EB-CB06-45DC-A00C-AC9FB8A0BB31}.Release|x64.Build.0 = Release|x64
		{1E09B8EB-CB06-45DC-A00C-AC9FB8A0BB31}.Release|x86.ActiveCfg = Release|Win32
		{1E09B8EB-CB06-45DC-A00C-AC9FB8A0BB31}.Release|x86.Build.0 = Release|Win32
		{3535B582-1A35-4467-B692-E3F31A545A1B}.Debug|x64.ActiveCfg = Debug|x64
		{3535B582-1A35-4467-B692-E3F31A545A1B}.Debug|x64.Build.0 = Debug|x64
		{3535B582-1A35-4467-B692-E3F31A545A1B}.Debug|x86.ActiveCfg = Debug|Win32
		{3535B582-1A35-4467-B692-E3F31A545A1B}.Debug|x86.Build.0 = Debug|Win32
		{3535B582-1A35-4467-B692-E3F31A545A1B}.Release|x64.ActiveCfg = Release|x64
		{3535B582-1A35-4467-B692-E3F31A545A1B}.Release|x64.Build.0 = Release|x64
		{3535B582-1A35-4467-B692-E3F31A545A1B}.Release|x86.ActiveCfg = Release|Win32
		{3535B582-1A35-4467-B692-E3F31A545A1B}.Release|x86.Build.0 = Release|Win32
		{18F76FE0-695A-493A-A0B4-071116A57D78}.Debug|x64.ActiveCfg = Debug|x64
		{18F76FE0-695A-493A-A0B4-071116A57D78}.Debug|x64.Build.0 = Debug|x64
		{18F76FE0-695A-493A-A0B4-071116A57D78}.Debug|x86.ActiveCfg = Debug|Win32
		{18F76FE0-695A-493A-A0B4-071116A57D78}.Debug|x86.Build.0 = Debug|Win32
		{18F76FE0-695A-493A-A0B4-071116A57D78}.Release|x64.ActiveCfg = Release|x64
		{18F76FE0-695A-493A-A0B4-071116A57D78}.Release|x64.Build.0 = Release|x64
		{18F76FE0-695A-493A-A0B4-071116A57D78}.Release|x86.ActiveCfg = Release|Win32
		{18F76FE0-695A-493A-A0B4-071116A57D78}.Release|x86.Build.0 = Release|Win32
		{7762F67B-A221-4996-A181-5EE2F143FAAC}.Debug|x64.ActiveCfg = Debug|x64
		{7762F67B-A221-4996-A181-5EE2F143FAAC}.Debug|x64.Build.0 = Debug|x64
		{7762F67B-A221-4996-A181-5EE2F143FAAC}.Debug|x86.ActiveCfg = Debug|Win32
		{7762F67B-A221-4996-A181-5EE2F143FAAC}.Debug|x86.Build.0 = Debug|Win32
		{7762F67B-A221-4996-A181-5EE2F143FAAC}.Release|x64.ActiveCfg = Release|x64
		{7762F67B-A221-4996-A181-5EE2F143FAAC}.Release|x64.Build.0 = Release|x64
		{7762F67B-A221-4996-A181-5EE2F143FAAC}.Release|x86.ActiveCfg = Release|Win32
		{7762F67B-A221-4996-A181-5EE2F143FAAC}.Release|x86.Build.0 = Release|Win32
		{0E6DD5B0-0876-4EAE-9863-364A94901968}.Debug|x64.ActiveCfg = Debug|x64
		{0E6DD5B0-0876-4EAE-9863-364A94901968}.Debug|x64.Build.0 = Debug|x64
		{0E6DD5B0-0876-4EAE-9863-364A94901968}.Debug|x86.ActiveCfg = Debug|Win32
		{0E6DD5B0-0876-4EAE-9863-364A94901968}.Debug|x86.Build.0 = Debug|Win32
		{0E6DD5B0-0876-4EAE-9863-364A94901968}.Release|x64.ActiveCfg = Release|x64
		{0E6DD5B0-0876-4EAE-9863-364A94901968}.Release|x64.Build.0 = Release|x64
		{0E6DD5B0-0876-4EAE-9863-364A94901968}.Release|x86.ActiveCfg = Release|Win32
		{0E6DD5B0-0876-4EAE-9863-364A94901968}.Release|x86.Build.0 = Release|Win32
	EndGlobalSection
	GlobalSection(SolutionProperties) = preSolution
		HideSolutionNode = FALSE
	EndGlobalSection
	GlobalSection(ExtensibilityGlobals) = postSolution
		SolutionGuid = {D33BBC0C-A1CB-463C-9C2A-2595DD9D2AA2}
	EndGlobalSection
EndGlobal
